
Microsoft Visual Studio Solution File, Format Version 12.00
# Visual Studio 15
VisualStudioVersion = 15.0.27004.2010
MinimumVisualStudioVersion = 10.0.40219.1
Project("{FAE04EC0-301F-11D3-BF4B-00C04F79EFBC}") = "GwG_WatchFace", "GwG_WatchFace\GwG_WatchFace.csproj", "{38800B40-5660-4CF8-BD7B-7BD00EB06E1D}"
EndProject
Project("{FAE04EC0-301F-11D3-BF4B-00C04F79EFBC}") = "WatchFaceTools", "WatchFaceTools\WatchFaceTools.csproj", "{75931B11-C603-46D7-9239-7B6BEDEC3247}"
EndProject
Global
	GlobalSection(SolutionConfigurationPlatforms) = preSolution
		Debug|Any CPU = Debug|Any CPU
		Release|Any CPU = Release|Any CPU
	EndGlobalSection
	GlobalSection(ProjectConfigurationPlatforms) = postSolution
		{38800B40-5660-4CF8-BD7B-7BD00EB06E1D}.Debug|Any CPU.ActiveCfg = Debug|Any CPU
		{38800B40-5660-4CF8-BD7B-7BD00EB06E1D}.Debug|Any CPU.Build.0 = Debug|Any CPU
		{38800B40-5660-4CF8-BD7B-7BD00EB06E1D}.Debug|Any CPU.Deploy.0 = Debug|Any CPU
		{38800B40-5660-4CF8-BD7B-7BD00EB06E1D}.Release|Any CPU.ActiveCfg = Release|Any CPU
		{38800B40-5660-4CF8-BD7B-7BD00EB06E1D}.Release|Any CPU.Build.0 = Release|Any CPU
		{38800B40-5660-4CF8-BD7B-7BD00EB06E1D}.Release|Any CPU.Deploy.0 = Release|Any CPU
		{75931B11-C603-46D7-9239-7B6BEDEC3247}.Debug|Any CPU.ActiveCfg = Debug|Any CPU
		{75931B11-C603-46D7-9239-7B6BEDEC3247}.Debug|Any CPU.Build.0 = Debug|Any CPU
		{75931B11-C603-46D7-9239-7B6BEDEC3247}.Release|Any CPU.ActiveCfg = Release|Any CPU
		{75931B11-C603-46D7-9239-7B6BEDEC3247}.Release|Any CPU.Build.0 = Release|Any CPU
	EndGlobalSection
	GlobalSection(SolutionProperties) = preSolution
		HideSolutionNode = FALSE
	EndGlobalSection
	GlobalSection(ExtensibilityGlobals) = postSolution
		SolutionGuid = {9D357903-C6C5-491C-AE4E-05C0C2D9EB32}
	EndGlobalSection
EndGlobal
